
Microsoft Visual Studio Solution File, Format Version 12.00
# Visual Studio Version 16
VisualStudioVersion = 16.0.29806.167
MinimumVisualStudioVersion = 10.0.40219.1
Project("{6EC3EE1D-3C4E-46DD-8F32-0CC8E7565705}") = "bpmn2imds", "bpmn2imds\bpmn2imds.fsproj", "{A0330FE6-92AD-4A24-99F4-7E36CFBDA8A7}"
EndProject
Project("{F2A71F9B-5D33-465A-A702-920D77279786}") = "bpmn2imds-unit-tests", "bpmn2imds-unit-tests\bpmn2imds-unit-tests.fsproj", "{B4379E8A-8CB6-4B4A-8605-695C12581DDB}"
EndProject
Global
	GlobalSection(SolutionConfigurationPlatforms) = preSolution
		Debug|Any CPU = Debug|Any CPU
		Release|Any CPU = Release|Any CPU
	EndGlobalSection
	GlobalSection(ProjectConfigurationPlatforms) = postSolution
		{A0330FE6-92AD-4A24-99F4-7E36CFBDA8A7}.Debug|Any CPU.ActiveCfg = Debug|Any CPU
		{A0330FE6-92AD-4A24-99F4-7E36CFBDA8A7}.Debug|Any CPU.Build.0 = Debug|Any CPU
		{A0330FE6-92AD-4A24-99F4-7E36CFBDA8A7}.Release|Any CPU.ActiveCfg = Release|Any CPU
		{A0330FE6-92AD-4A24-99F4-7E36CFBDA8A7}.Release|Any CPU.Build.0 = Release|Any CPU
		{B4379E8A-8CB6-4B4A-8605-695C12581DDB}.Debug|Any CPU.ActiveCfg = Debug|Any CPU
		{B4379E8A-8CB6-4B4A-8605-695C12581DDB}.Debug|Any CPU.Build.0 = Debug|Any CPU
		{B4379E8A-8CB6-4B4A-8605-695C12581DDB}.Release|Any CPU.ActiveCfg = Release|Any CPU
		{B4379E8A-8CB6-4B4A-8605-695C12581DDB}.Release|Any CPU.Build.0 = Release|Any CPU
	EndGlobalSection
	GlobalSection(SolutionProperties) = preSolution
		HideSolutionNode = FALSE
	EndGlobalSection
	GlobalSection(ExtensibilityGlobals) = postSolution
		SolutionGuid = {F1A4A49B-FDDB-4613-91D8-918CD57095FB}
	EndGlobalSection
EndGlobal
